
Microsoft Visual Studio Solution File, Format Version 12.00
# Visual Studio Version 17
VisualStudioVersion = 17.3.32922.545
MinimumVisualStudioVersion = 10.0.40219.1
Project("{FAE04EC0-301F-11D3-BF4B-00C04F79EFBC}") = "sislocacao", "sislocacao.csproj", "{5344A090-241F-4734-B7FC-D0DE4BEC13F7}"
EndProject
Global
	GlobalSection(SolutionConfigurationPlatforms) = preSolution
		Debug|Any CPU = Debug|Any CPU
		Release|Any CPU = Release|Any CPU
	EndGlobalSection
	GlobalSection(ProjectConfigurationPlatforms) = postSolution
		{5344A090-241F-4734-B7FC-D0DE4BEC13F7}.Debug|Any CPU.ActiveCfg = Debug|Any CPU
		{5344A090-241F-4734-B7FC-D0DE4BEC13F7}.Debug|Any CPU.Build.0 = Debug|Any CPU
		{5344A090-241F-4734-B7FC-D0DE4BEC13F7}.Release|Any CPU.ActiveCfg = Release|Any CPU
		{5344A090-241F-4734-B7FC-D0DE4BEC13F7}.Release|Any CPU.Build.0 = Release|Any CPU
	EndGlobalSection
	GlobalSection(SolutionProperties) = preSolution
		HideSolutionNode = FALSE
	EndGlobalSection
	GlobalSection(ExtensibilityGlobals) = postSolution
		SolutionGuid = {6FD53D46-7840-4BC0-AA6C-D237D4C269F6}
	EndGlobalSection
EndGlobal
